{
  "name": "ngx-om-perfect-scrollbar",
  "version": "14.0.1",
  "lockfileVersion": 1,
  "requires": true,
  "dependencies": {
    "om-perfect-scrollbar": {
      "version": "2.0.1",
      "resolved": "https://registry.npmjs.org/om-perfect-scrollbar/-/om-perfect-scrollbar-2.0.1.tgz",
      "integrity": "sha512-KOIxlE1zR9AM4bsNdptJMXLdk8LmIAyTbcBGw2Lhde0gdP8JeDmqH4JyEkNWNiQYtnyI1NqMn1V0kAPeKyqYtQ=="
    },
    "resize-observer-polyfill": {
      "version": "1.5.1",
      "resolved": "https://registry.npmjs.org/resize-observer-polyfill/-/resize-observer-polyfill-1.5.1.tgz",
      "integrity": "sha512-LwZrotdHOo12nQuZlHEmtuXdqGoOD0OhaxopaNFxWzInpEgaLWoVuAMbTzixuosCx2nEG58ngzW3vxdWoxIgdg=="
    }
  }
}
